
Microsoft Visual Studio Solution File, Format Version 12.00
# Visual Studio Version 17
VisualStudioVersion = 17.0.31903.59
MinimumVisualStudioVersion = 10.0.40219.1
Project("{FAE04EC0-301F-11D3-BF4B-00C04F79EFBC}") = "Core", "Core\Core.csproj", "{FAD81669-8769-4C68-A947-7DDF50AB05B3}"
EndProject
Project("{FAE04EC0-301F-11D3-BF4B-00C04F79EFBC}") = "API", "API\API.csproj", "{D95404B0-3256-4A72-AD87-355B20367D7B}"
EndProject
Project("{FAE04EC0-301F-11D3-BF4B-00C04F79EFBC}") = "Infrastructure", "Infrastructure\Infrastructure.csproj", "{07C76617-A351-4477-AE15-AD78D4901F70}"
EndProject
Global
	GlobalSection(SolutionConfigurationPlatforms) = preSolution
		Debug|Any CPU = Debug|Any CPU
		Release|Any CPU = Release|Any CPU
	EndGlobalSection
	GlobalSection(SolutionProperties) = preSolution
		HideSolutionNode = FALSE
	EndGlobalSection
	GlobalSection(ProjectConfigurationPlatforms) = postSolution
		{FAD81669-8769-4C68-A947-7DDF50AB05B3}.Debug|Any CPU.ActiveCfg = Debug|Any CPU
		{FAD81669-8769-4C68-A947-7DDF50AB05B3}.Debug|Any CPU.Build.0 = Debug|Any CPU
		{FAD81669-8769-4C68-A947-7DDF50AB05B3}.Release|Any CPU.ActiveCfg = Release|Any CPU
		{FAD81669-8769-4C68-A947-7DDF50AB05B3}.Release|Any CPU.Build.0 = Release|Any CPU
		{D95404B0-3256-4A72-AD87-355B20367D7B}.Debug|Any CPU.ActiveCfg = Debug|Any CPU
		{D95404B0-3256-4A72-AD87-355B20367D7B}.Debug|Any CPU.Build.0 = Debug|Any CPU
		{D95404B0-3256-4A72-AD87-355B20367D7B}.Release|Any CPU.ActiveCfg = Release|Any CPU
		{D95404B0-3256-4A72-AD87-355B20367D7B}.Release|Any CPU.Build.0 = Release|Any CPU
		{07C76617-A351-4477-AE15-AD78D4901F70}.Debug|Any CPU.ActiveCfg = Debug|Any CPU
		{07C76617-A351-4477-AE15-AD78D4901F70}.Debug|Any CPU.Build.0 = Debug|Any CPU
		{07C76617-A351-4477-AE15-AD78D4901F70}.Release|Any CPU.ActiveCfg = Release|Any CPU
		{07C76617-A351-4477-AE15-AD78D4901F70}.Release|Any CPU.Build.0 = Release|Any CPU
	EndGlobalSection
EndGlobal
